
Microsoft Visual Studio Solution File, Format Version 12.00
# Visual Studio 15
VisualStudioVersion = 15.0.27428.2037
MinimumVisualStudioVersion = 10.0.40219.1
Project("{2150E333-8FDC-42A3-9474-1A3956D46DE8}") = "@ Solution Items", "@ Solution Items", "{A85342C3-7BA4-4A6B-B690-B1D0ACE14C76}"
	ProjectSection(SolutionItems) = preProject
		..\build\build.cake = ..\build\build.cake
		SharedAssemblyInfo.cs = SharedAssemblyInfo.cs
		SharedVersionInfo.cs = SharedVersionInfo.cs
		..\version.yml = ..\version.yml
	EndProjectSection
EndProject
Project("{FAE04EC0-301F-11D3-BF4B-00C04F79EFBC}") = "Abc.Zebus.Directory", "Abc.Zebus.Directory\Abc.Zebus.Directory.csproj", "{EE6730D9-6A21-46A5-AE3F-AF78060B6EA3}"
EndProject
Project("{FAE04EC0-301F-11D3-BF4B-00C04F79EFBC}") = "Abc.Zebus.Directory.Tests", "Abc.Zebus.Directory.Tests\Abc.Zebus.Directory.Tests.csproj", "{7C004E59-3B24-4359-8E45-1CD93F03FD80}"
EndProject
Project("{FAE04EC0-301F-11D3-BF4B-00C04F79EFBC}") = "Abc.Zebus.Directory.Cassandra", "Abc.Zebus.Directory.Cassandra\Abc.Zebus.Directory.Cassandra.csproj", "{8F786F88-CB54-43DC-927F-65B75795EC60}"
EndProject
Project("{FAE04EC0-301F-11D3-BF4B-00C04F79EFBC}") = "Abc.Zebus.Directory.Cassandra.Tests", "Abc.Zebus.Directory.Cassandra.Tests\Abc.Zebus.Directory.Cassandra.Tests.csproj", "{549C137C-9CE4-4765-9E1D-E348E96A08D6}"
EndProject
Project("{2150E333-8FDC-42A3-9474-1A3956D46DE8}") = "nuspec", "nuspec", "{6579CC9F-8B93-40D6-840D-28ECBEBB7E9B}"
	ProjectSection(SolutionItems) = preProject
		..\build\nuget\nuspecs\Abc.Zebus.Directory.Cassandra.nuspec = ..\build\nuget\nuspecs\Abc.Zebus.Directory.Cassandra.nuspec
		..\build\nuget\nuspecs\Abc.Zebus.Directory.nuspec = ..\build\nuget\nuspecs\Abc.Zebus.Directory.nuspec
		..\build\nuget\nuspecs\Abc.Zebus.Directory.Standalone.nuspec = ..\build\nuget\nuspecs\Abc.Zebus.Directory.Standalone.nuspec
	EndProjectSection
EndProject
Global
	GlobalSection(SolutionConfigurationPlatforms) = preSolution
		Debug|Any CPU = Debug|Any CPU
		Release|Any CPU = Release|Any CPU
	EndGlobalSection
	GlobalSection(ProjectConfigurationPlatforms) = postSolution
		{EE6730D9-6A21-46A5-AE3F-AF78060B6EA3}.Debug|Any CPU.ActiveCfg = Debug|Any CPU
		{EE6730D9-6A21-46A5-AE3F-AF78060B6EA3}.Debug|Any CPU.Build.0 = Debug|Any CPU
		{EE6730D9-6A21-46A5-AE3F-AF78060B6EA3}.Release|Any CPU.ActiveCfg = Release|Any CPU
		{EE6730D9-6A21-46A5-AE3F-AF78060B6EA3}.Release|Any CPU.Build.0 = Release|Any CPU
		{7C004E59-3B24-4359-8E45-1CD93F03FD80}.Debug|Any CPU.ActiveCfg = Debug|Any CPU
		{7C004E59-3B24-4359-8E45-1CD93F03FD80}.Debug|Any CPU.Build.0 = Debug|Any CPU
		{7C004E59-3B24-4359-8E45-1CD93F03FD80}.Release|Any CPU.ActiveCfg = Release|Any CPU
		{7C004E59-3B24-4359-8E45-1CD93F03FD80}.Release|Any CPU.Build.0 = Release|Any CPU
		{8F786F88-CB54-43DC-927F-65B75795EC60}.Debug|Any CPU.ActiveCfg = Debug|Any CPU
		{8F786F88-CB54-43DC-927F-65B75795EC60}.Debug|Any CPU.Build.0 = Debug|Any CPU
		{8F786F88-CB54-43DC-927F-65B75795EC60}.Release|Any CPU.ActiveCfg = Release|Any CPU
		{8F786F88-CB54-43DC-927F-65B75795EC60}.Release|Any CPU.Build.0 = Release|Any CPU
		{549C137C-9CE4-4765-9E1D-E348E96A08D6}.Debug|Any CPU.ActiveCfg = Debug|Any CPU
		{549C137C-9CE4-4765-9E1D-E348E96A08D6}.Debug|Any CPU.Build.0 = Debug|Any CPU
		{549C137C-9CE4-4765-9E1D-E348E96A08D6}.Release|Any CPU.ActiveCfg = Release|Any CPU
		{549C137C-9CE4-4765-9E1D-E348E96A08D6}.Release|Any CPU.Build.0 = Release|Any CPU
	EndGlobalSection
	GlobalSection(SolutionProperties) = preSolution
		HideSolutionNode = FALSE
	EndGlobalSection
	GlobalSection(NestedProjects) = preSolution
		{6579CC9F-8B93-40D6-840D-28ECBEBB7E9B} = {A85342C3-7BA4-4A6B-B690-B1D0ACE14C76}
	EndGlobalSection
	GlobalSection(ExtensibilityGlobals) = postSolution
		SolutionGuid = {140AC432-817A-4334-89D5-8311DC6A5B7A}
	EndGlobalSection
EndGlobal
